
Microsoft Visual Studio Solution File, Format Version 12.00
# Visual Studio Version 16
VisualStudioVersion = 16.0.31005.135
MinimumVisualStudioVersion = 10.0.40219.1
Project("{2150E333-8FDC-42A3-9474-1A3956D46DE8}") = "src", "src", "{71D18062-2F4F-4DE5-9E87-228703A24D5A}"
EndProject
Project("{9A19103F-16F7-4668-BE54-9A1E7A4F7556}") = "SalesWebMvc", "src\SalesWebMvc\SalesWebMvc.csproj", "{A3776044-8297-4A5E-89E7-348348BCE073}"
EndProject
Global
	GlobalSection(SolutionConfigurationPlatforms) = preSolution
		Debug|Any CPU = Debug|Any CPU
		Release|Any CPU = Release|Any CPU
	EndGlobalSection
	GlobalSection(ProjectConfigurationPlatforms) = postSolution
		{A3776044-8297-4A5E-89E7-348348BCE073}.Debug|Any CPU.ActiveCfg = Debug|Any CPU
		{A3776044-8297-4A5E-89E7-348348BCE073}.Debug|Any CPU.Build.0 = Debug|Any CPU
		{A3776044-8297-4A5E-89E7-348348BCE073}.Release|Any CPU.ActiveCfg = Release|Any CPU
		{A3776044-8297-4A5E-89E7-348348BCE073}.Release|Any CPU.Build.0 = Release|Any CPU
	EndGlobalSection
	GlobalSection(SolutionProperties) = preSolution
		HideSolutionNode = FALSE
	EndGlobalSection
	GlobalSection(NestedProjects) = preSolution
		{A3776044-8297-4A5E-89E7-348348BCE073} = {71D18062-2F4F-4DE5-9E87-228703A24D5A}
	EndGlobalSection
	GlobalSection(ExtensibilityGlobals) = postSolution
		SolutionGuid = {55A9EC3A-6917-44E9-88E5-A8F6031E556E}
	EndGlobalSection
EndGlobal
